// !$*UTF8*$!
{
	archiveVersion = 1;
	classes = {
	};
	objectVersion = 46;
	objects = {

/* Begin PBXBuildFile section */
		6C46080B1DE7B78C00622226 /* AppDelegate.swift in Sources */ = {isa = PBXBuildFile; fileRef = 6C46080A1DE7B78C00622226 /* AppDelegate.swift */; };
		6C4608101DE7B78C00622226 /* Main.storyboard in Resources */ = {isa = PBXBuildFile; fileRef = 6C46080E1DE7B78C00622226 /* Main.storyboard */; };
		6C4608121DE7B78C00622226 /* Assets.xcassets in Resources */ = {isa = PBXBuildFile; fileRef = 6C4608111DE7B78C00622226 /* Assets.xcassets */; };
		6C4608151DE7B78C00622226 /* LaunchScreen.storyboard in Resources */ = {isa = PBXBuildFile; fileRef = 6C4608131DE7B78C00622226 /* LaunchScreen.storyboard */; };
		6C46081E1DE7BAB200622226 /* Cow.m4a in Resources */ = {isa = PBXBuildFile; fileRef = 6C46081D1DE7BAB200622226 /* Cow.m4a */; };
		6C4608201DE7BF6100622226 /* AnimalViewController.swift in Sources */ = {isa = PBXBuildFile; fileRef = 6C46081F1DE7BF6100622226 /* AnimalViewController.swift */; };
/* End PBXBuildFile section */

/* Begin PBXFileReference section */
		6C4608071DE7B78C00622226 /* Animal Box.app */ = {isa = PBXFileReference; explicitFileType = wrapper.application; includeInIndex = 0; path = "Animal Box.app"; sourceTree = BUILT_PRODUCTS_DIR; };
		6C46080A1DE7B78C00622226 /* AppDelegate.swift */ = {isa = PBXFileReference; lastKnownFileType = sourcecode.swift; path = AppDelegate.swift; sourceTree = "<group>"; };
		6C46080F1DE7B78C00622226 /* Base */ = {isa = PBXFileReference; lastKnownFileType = file.storyboard; name = Base; path = Base.lproj/Main.storyboard; sourceTree = "<group>"; };
		6C4608111DE7B78C00622226 /* Assets.xcassets */ = {isa = PBXFileReference; lastKnownFileType = folder.assetcatalog; path = Assets.xcassets; sourceTree = "<group>"; };
		6C4608141DE7B78C00622226 /* Base */ = {isa = PBXFileReference; lastKnownFileType = file.storyboard; name = Base; path = Base.lproj/LaunchScreen.storyboard; sourceTree = "<group>"; };
		6C4608161DE7B78C00622226 /* Info.plist */ = {isa = PBXFileReference; lastKnownFileType = text.plist.xml; path = Info.plist; sourceTree = "<group>"; };
		6C46081D1DE7BAB200622226 /* Cow.m4a */ = {isa = PBXFileReference; lastKnownFileType = file; path = Cow.m4a; sourceTree = "<group>"; };
		6C46081F1DE7BF6100622226 /* AnimalViewController.swift */ = {isa = PBXFileReference; fileEncoding = 4; lastKnownFileType = sourcecode.swift; path = AnimalViewController.swift; sourceTree = "<group>"; };
/* End PBXFileReference section */

/* Begin PBXFrameworksBuildPhase section */
		6C4608041DE7B78C00622226 /* Frameworks */ = {
			isa = PBXFrameworksBuildPhase;
			buildActionMask = 2147483647;
			files = (
			);
			runOnlyForDeploymentPostprocessing = 0;
		};
/* End PBXFrameworksBuildPhase section */

/* Begin PBXGroup section */
		6C4607FE1DE7B78C00622226 = {
			isa = PBXGroup;
			children = (
				6C4608091DE7B78C00622226 /* Animal Box */,
				6C4608081DE7B78C00622226 /* Products */,
			);
			sourceTree = "<group>";
		};
		6C4608081DE7B78C00622226 /* Products */ = {
			isa = PBXGroup;
			children = (
				6C4608071DE7B78C00622226 /* Animal Box.app */,
			);
			name = Products;
			sourceTree = "<group>";
		};
		6C4608091DE7B78C00622226 /* Animal Box */ = {
			isa = PBXGroup;
			children = (
				6C46081C1DE7BA9B00622226 /* Audio */,
				6C46080A1DE7B78C00622226 /* AppDelegate.swift */,
				6C46081F1DE7BF6100622226 /* AnimalViewController.swift */,
				6C46080E1DE7B78C00622226 /* Main.storyboard */,
				6C4608111DE7B78C00622226 /* Assets.xcassets */,
				6C4608131DE7B78C00622226 /* LaunchScreen.storyboard */,
				6C4608161DE7B78C00622226 /* Info.plist */,
			);
			path = "Animal Box";
			sourceTree = "<group>";
		};
		6C46081C1DE7BA9B00622226 /* Audio */ = {
			isa = PBXGroup;
			children = (
				6C46081D1DE7BAB200622226 /* Cow.m4a */,
			);
			name = Audio;
			sourceTree = "<group>";
		};
/* End PBXGroup section */

/* Begin PBXNativeTarget section */
		6C4608061DE7B78C00622226 /* Animal Box */ = {
			isa = PBXNativeTarget;
			buildConfigurationList = 6C4608191DE7B78C00622226 /* Build configuration list for PBXNativeTarget "Animal Box" */;
			buildPhases = (
				6C4608031DE7B78C00622226 /* Sources */,
				6C4608041DE7B78C00622226 /* Frameworks */,
				6C4608051DE7B78C00622226 /* Resources */,
			);
			buildRules = (
			);
			dependencies = (
			);
			name = "Animal Box";
			productName = "Animal Box";
			productReference = 6C4608071DE7B78C00622226 /* Animal Box.app */;
			productType = "com.apple.product-type.application";
		};
/* End PBXNativeTarget section */

/* Begin PBXProject section */
		6C4607FF1DE7B78C00622226 /* Project object */ = {
			isa = PBXProject;
			attributes = {
				LastSwiftUpdateCheck = 0800;
				LastUpgradeCheck = 0800;
				ORGANIZATIONNAME = "Dulio Denis";
				TargetAttributes = {
					6C4608061DE7B78C00622226 = {
						CreatedOnToolsVersion = 8.0;
						ProvisioningStyle = Automatic;
					};
				};
			};
			buildConfigurationList = 6C4608021DE7B78C00622226 /* Build configuration list for PBXProject "Animal Box" */;
			compatibilityVersion = "Xcode 3.2";
			developmentRegion = English;
			hasScannedForEncodings = 0;
			knownRegions = (
				en,
				Base,
			);
			mainGroup = 6C4607FE1DE7B78C00622226;
			productRefGroup = 6C4608081DE7B78C00622226 /* Products */;
			projectDirPath = "";
			projectRoot = "";
			targets = (
				6C4608061DE7B78C00622226 /* Animal Box */,
			);
		};
/* End PBXProject section */

/* Begin PBXResourcesBuildPhase section */
		6C4608051DE7B78C00622226 /* Resources */ = {
			isa = PBXResourcesBuildPhase;
			buildActionMask = 2147483647;
			files = (
				6C46081E1DE7BAB200622226 /* Cow.m4a in Resources */,
				6C4608151DE7B78C00622226 /* LaunchScreen.storyboard in Resources */,
				6C4608121DE7B78C00622226 /* Assets.xcassets in Resources */,
				6C4608101DE7B78C00622226 /* Main.storyboard in Resources */,
			);
			runOnlyForDeploymentPostprocessing = 0;
		};
/* End PBXResourcesBuildPhase section */

/* Begin PBXSourcesBuildPhase section */
		6C4608031DE7B78C00622226 /* Sources */ = {
			isa = PBXSourcesBuildPhase;
			buildActionMask = 2147483647;
			files = (
				6C4608201DE7BF6100622226 /* AnimalViewController.swift in Sources */,
				6C46080B1DE7B78C00622226 /* AppDelegate.swift in Sources */,
			);
			runOnlyForDeploymentPostprocessing = 0;
		};
/* End PBXSourcesBuildPhase section */

/* Begin PBXVariantGroup section */
		6C46080E1DE7B78C00622226 /* Main.storyboard */ = {
			isa = PBXVariantGroup;
			children = (
				6C46080F1DE7B78C00622226 /* Base */,
			);
			name = Main.storyboard;
			sourceTree = "<group>";
		};
		6C4608131DE7B78C00622226 /* LaunchScreen.storyboard */ = {
			isa = PBXVariantGroup;
			children = (
				6C4608141DE7B78C00622226 /* Base */,
			);
			name = LaunchScreen.storyboard;
			sourceTree = "<group>";
		};
/* End PBXVariantGroup section */

/* Begin XCBuildConfiguration section */
		6C4608171DE7B78C00622226 /* Debug */ = {
			isa = XCBuildConfiguration;
			buildSettings = {
				ALWAYS_SEARCH_USER_PATHS = NO;
				CLANG_ANALYZER_NONNULL = YES;
				CLANG_CXX_LANGUAGE_STANDARD = "gnu++0x";
				CLANG_CXX_LIBRARY = "libc++";
				CLANG_ENABLE_MODULES = YES;
				CLANG_ENABLE_OBJC_ARC = YES;
				CLANG_WARN_BOOL_CONVERSION = YES;
				CLANG_WARN_CONSTANT_CONVERSION = YES;
				CLANG_WARN_DIRECT_OBJC_ISA_USAGE = YES_ERROR;
				CLANG_WARN_DOCUMENTATION_COMMENTS = YES;
				CLANG_WARN_EMPTY_BODY = YES;
				CLANG_WARN_ENUM_CONVERSION = YES;
				CLANG_WARN_INFINITE_RECURSION = YES;
				CLANG_WARN_INT_CONVERSION = YES;
				CLANG_WARN_OBJC_ROOT_CLASS = YES_ERROR;
				CLANG_WARN_SUSPICIOUS_MOVES = YES;
				CLANG_WARN_UNREACHABLE_CODE = YES;
				CLANG_WARN__DUPLICATE_METHOD_MATCH = YES;
				"CODE_SIGN_IDENTITY[sdk=iphoneos*]" = "iPhone Developer";
				COPY_PHASE_STRIP = NO;
				DEBUG_INFORMATION_FORMAT = dwarf;
				ENABLE_STRICT_OBJC_MSGSEND = YES;
				ENABLE_TESTABILITY = YES;
				GCC_C_LANGUAGE_STANDARD = gnu99;
				GCC_DYNAMIC_NO_PIC = NO;
				GCC_NO_COMMON_BLOCKS = YES;
				GCC_OPTIMIZATION_LEVEL = 0;
				GCC_PREPROCESSOR_DEFINITIONS = (
					"DEBUG=1",
					"$(inherited)",
				);
				GCC_WARN_64_TO_32_BIT_CONVERSION = YES;
				GCC_WARN_ABOUT_RETURN_TYPE = YES_ERROR;
				GCC_WARN_UNDECLARED_SELECTOR = YES;
				GCC_WARN_UNINITIALIZED_AUTOS = YES_AGGRESSIVE;
				GCC_WARN_UNUSED_FUNCTION = YES;
				GCC_WARN_UNUSED_VARIABLE = YES;
				IPHONEOS_DEPLOYMENT_TARGET = 10.0;
				MTL_ENABLE_DEBUG_INFO = YES;
				ONLY_ACTIVE_ARCH = YES;
				SDKROOT = iphoneos;
				SWIFT_ACTIVE_COMPILATION_CONDITIONS = DEBUG;
				SWIFT_OPTIMIZATION_LEVEL = "-Onone";
				TARGETED_DEVICE_FAMILY = "1,2";
			};
			name = Debug;
		};
		6C4608181DE7B78C00622226 /* Release */ = {
			isa = XCBuildConfiguration;
			buildSettings = {
				ALWAYS_SEARCH_USER_PATHS = NO;
				CLANG_ANALYZER_NONNULL = YES;
				CLANG_CXX_LANGUAGE_STANDARD = "gnu++0x";
				CLANG_CXX_LIBRARY = "libc++";
				CLANG_ENABLE_MODULES = YES;
				CLANG_ENABLE_OBJC_ARC = YES;
				CLANG_WARN_BOOL_CONVERSION = YES;
				CLANG_WARN_CONSTANT_CONVERSION = YES;
				CLANG_WARN_DIRECT_OBJC_ISA_USAGE = YES_ERROR;
				CLANG_WARN_DOCUMENTATION_COMMENTS = YES;
				CLANG_WARN_EMPTY_BODY = YES;
				CLANG_WARN_ENUM_CONVERSION = YES;
				CLANG_WARN_INFINITE_RECURSION = YES;
				CLANG_WARN_INT_CONVERSION = YES;
				CLANG_WARN_OBJC_ROOT_CLASS = YES_ERROR;
				CLANG_WARN_SUSPICIOUS_MOVES = YES;
				CLANG_WARN_UNREACHABLE_CODE = YES;
				CLANG_WARN__DUPLICATE_METHOD_MATCH = YES;
				"CODE_SIGN_IDENTITY[sdk=iphoneos*]" = "iPhone Developer";
				COPY_PHASE_STRIP = NO;
				DEBUG_INFORMATION_FORMAT = "dwarf-with-dsym";
				ENABLE_NS_ASSERTIONS = NO;
				ENABLE_STRICT_OBJC_MSGSEND = YES;
				GCC_C_LANGUAGE_STANDARD = gnu99;
				GCC_NO_COMMON_BLOCKS = YES;
				GCC_WARN_64_TO_32_BIT_CONVERSION = YES;
				GCC_WARN_ABOUT_RETURN_TYPE = YES_ERROR;
				GCC_WARN_UNDECLARED_SELECTOR = YES;
				GCC_WARN_UNINITIALIZED_AUTOS = YES_AGGRESSIVE;
				GCC_WARN_UNUSED_FUNCTION = YES;
				GCC_WARN_UNUSED_VARIABLE = YES;
				IPHONEOS_DEPLOYMENT_TARGET = 10.0;
				MTL_ENABLE_DEBUG_INFO = NO;
				SDKROOT = iphoneos;
				SWIFT_OPTIMIZATION_LEVEL = "-Owholemodule";
				TARGETED_DEVICE_FAMILY = "1,2";
				VALIDATE_PRODUCT = YES;
			};
			name = Release;
		};
		6C46081A1DE7B78C00622226 /* Debug */ = {
			isa = XCBuildConfiguration;
			buildSettings = {
				ASSETCATALOG_COMPILER_APPICON_NAME = AppIcon;
				INFOPLIST_FILE = "Animal Box/Info.plist";
				LD_RUNPATH_SEARCH_PATHS = "$(inherited) @executable_path/Frameworks";
				PRODUCT_BUNDLE_IDENTIFIER = "com.ddapps.Animal-Box";
				PRODUCT_NAME = "$(TARGET_NAME)";
				SWIFT_VERSION = 3.0;
			};
			name = Debug;
		};
		6C46081B1DE7B78C00622226 /* Release */ = {
			isa = XCBuildConfiguration;
			buildSettings = {
				ASSETCATALOG_COMPILER_APPICON_NAME = AppIcon;
				INFOPLIST_FILE = "Animal Box/Info.plist";
				LD_RUNPATH_SEARCH_PATHS = "$(inherited) @executable_path/Frameworks";
				PRODUCT_BUNDLE_IDENTIFIER = "com.ddapps.Animal-Box";
				PRODUCT_NAME = "$(TARGET_NAME)";
				SWIFT_VERSION = 3.0;
			};
			name = Release;
		};
/* End XCBuildConfiguration section */

/* Begin XCConfigurationList section */
		6C4608021DE7B78C00622226 /* Build configuration list for PBXProject "Animal Box" */ = {
			isa = XCConfigurationList;
			buildConfigurations = (
				6C4608171DE7B78C00622226 /* Debug */,
				6C4608181DE7B78C00622226 /* Release */,
			);
			defaultConfigurationIsVisible = 0;
			defaultConfigurationName = Release;
		};
		6C4608191DE7B78C00622226 /* Build configuration list for PBXNativeTarget "Animal Box" */ = {
			isa = XCConfigurationList;
			buildConfigurations = (
				6C46081A1DE7B78C00622226 /* Debug */,
				6C46081B1DE7B78C00622226 /* Release */,
			);
			defaultConfigurationIsVisible = 0;
		};
/* End XCConfigurationList section */
	};
	rootObject = 6C4607FF1DE7B78C00622226 /* Project object */;
}
